// !$*UTF8*$!
{
	archiveVersion = 1;
	classes = {
	};
	objectVersion = 46;
	objects = {

/* Begin PBXBuildFile section */
		EE11D26019AC58BF007B3D5C /* CoinViewController.m in Sources */ = {isa = PBXBuildFile; fileRef = EE11D25F19AC58BF007B3D5C /* CoinViewController.m */; };
		EE11D26319AC5945007B3D5C /* CoinView.m in Sources */ = {isa = PBXBuildFile; fileRef = EE11D26219AC5945007B3D5C /* CoinView.m */; };
		EE1E40CC19A5EC3100F8C1FB /* AnimationViewController.m in Sources */ = {isa = PBXBuildFile; fileRef = EE1E40CB19A5EC3100F8C1FB /* AnimationViewController.m */; };
		EE2CCA7F19AD91CA000C1490 /* ParallaxViewController.m in Sources */ = {isa = PBXBuildFile; fileRef = EE2CCA7E19AD91CA000C1490 /* ParallaxViewController.m */; };
		EE2CCA8319ADCBD2000C1490 /* cloud@2x.png in Resources */ = {isa = PBXBuildFile; fileRef = EE2CCA8219ADCBD2000C1490 /* cloud@2x.png */; };
		EE2DF87819C1A5BB00CD5ECA /* TestMapViewController.m in Sources */ = {isa = PBXBuildFile; fileRef = EE2DF87719C1A5BB00CD5ECA /* TestMapViewController.m */; };
		EE2DF87A19C1A60600CD5ECA /* MapKit.framework in Frameworks */ = {isa = PBXBuildFile; fileRef = EE2DF87919C1A60600CD5ECA /* MapKit.framework */; };
		EE31166519ADE8CB001DB7A8 /* bsierViewController.m in Sources */ = {isa = PBXBuildFile; fileRef = EE31166419ADE8CB001DB7A8 /* bsierViewController.m */; };
		EE31166819ADEB7C001DB7A8 /* CanView.m in Sources */ = {isa = PBXBuildFile; fileRef = EE31166719ADEB7C001DB7A8 /* CanView.m */; };
		EE48872619BFFCC900AA938F /* shuguangViewController.m in Sources */ = {isa = PBXBuildFile; fileRef = EE48872519BFFCC900AA938F /* shuguangViewController.m */; };
		EE48872919BFFCF000AA938F /* shuView.m in Sources */ = {isa = PBXBuildFile; fileRef = EE48872819BFFCF000AA938F /* shuView.m */; };
		EE48872D19C04DD700AA938F /* niceViewController.m in Sources */ = {isa = PBXBuildFile; fileRef = EE48872C19C04DD700AA938F /* niceViewController.m */; };
		EE48872F19C0608E00AA938F /* 1213.png in Resources */ = {isa = PBXBuildFile; fileRef = EE48872E19C0608E00AA938F /* 1213.png */; };
		EE54DB3319A5C15B003A115C /* HomeViewController.m in Sources */ = {isa = PBXBuildFile; fileRef = EE54DB3119A5C15B003A115C /* HomeViewController.m */; };
		EE54DB3419A5C15B003A115C /* HomeViewController.xib in Resources */ = {isa = PBXBuildFile; fileRef = EE54DB3219A5C15B003A115C /* HomeViewController.xib */; };
		EE54DB3A19A5CDAA003A115C /* BlurView.m in Sources */ = {isa = PBXBuildFile; fileRef = EE54DB3719A5CDAA003A115C /* BlurView.m */; };
		EE54DB3B19A5CDAA003A115C /* ViewController.m in Sources */ = {isa = PBXBuildFile; fileRef = EE54DB3919A5CDAA003A115C /* ViewController.m */; };
		EE8562C019AB05AB00850005 /* FanYeViewController.m in Sources */ = {isa = PBXBuildFile; fileRef = EE8562BF19AB05AB00850005 /* FanYeViewController.m */; };
		EE9240BF19BEA434005F57FA /* guoduViewController.m in Sources */ = {isa = PBXBuildFile; fileRef = EE9240BE19BEA434005F57FA /* guoduViewController.m */; };
		EE9240C619BECA05005F57FA /* ClcViewController.m in Sources */ = {isa = PBXBuildFile; fileRef = EE9240C519BECA05005F57FA /* ClcViewController.m */; };
		EE9240C919BED20A005F57FA /* PicViewLayOut.m in Sources */ = {isa = PBXBuildFile; fileRef = EE9240C819BED20A005F57FA /* PicViewLayOut.m */; };
		EE9240CC19BED25C005F57FA /* PicViewCell.m in Sources */ = {isa = PBXBuildFile; fileRef = EE9240CB19BED25C005F57FA /* PicViewCell.m */; };
		EE9240D019BEDE9D005F57FA /* 0.JPG in Resources */ = {isa = PBXBuildFile; fileRef = EE9240CD19BEDE9D005F57FA /* 0.JPG */; };
		EE9240D119BEDE9D005F57FA /* 1.JPG in Resources */ = {isa = PBXBuildFile; fileRef = EE9240CE19BEDE9D005F57FA /* 1.JPG */; };
		EE9240D219BEDE9D005F57FA /* 2.JPG in Resources */ = {isa = PBXBuildFile; fileRef = EE9240CF19BEDE9D005F57FA /* 2.JPG */; };
		EEA5046619A723C800C0F246 /* FyNavigationController.m in Sources */ = {isa = PBXBuildFile; fileRef = EEA5046519A723C800C0F246 /* FyNavigationController.m */; };
		EEA5046919A7241900C0F246 /* ExampleViewController.m in Sources */ = {isa = PBXBuildFile; fileRef = EEA5046819A7241900C0F246 /* ExampleViewController.m */; };
		EEA5046B19A72BBB00C0F246 /* QuartzCore.framework in Frameworks */ = {isa = PBXBuildFile; fileRef = EEA5046A19A72BBB00C0F246 /* QuartzCore.framework */; };
		EEAEBB7019A74F6500C5EFF5 /* ZhimaViewController.m in Sources */ = {isa = PBXBuildFile; fileRef = EEAEBB6F19A74F6500C5EFF5 /* ZhimaViewController.m */; };
		EEC1DAC819B9CDC1009B1082 /* juHuaView1.m in Sources */ = {isa = PBXBuildFile; fileRef = EEC1DAC519B9CDC1009B1082 /* juHuaView1.m */; };
		EEC1DAC919B9CDC1009B1082 /* juHuaViewController.m in Sources */ = {isa = PBXBuildFile; fileRef = EEC1DAC719B9CDC1009B1082 /* juHuaViewController.m */; };
		EECE42C019A4835000E1BCBA /* Foundation.framework in Frameworks */ = {isa = PBXBuildFile; fileRef = EECE42BF19A4835000E1BCBA /* Foundation.framework */; };
		EECE42C219A4835000E1BCBA /* CoreGraphics.framework in Frameworks */ = {isa = PBXBuildFile; fileRef = EECE42C119A4835000E1BCBA /* CoreGraphics.framework */; };
		EECE42C419A4835000E1BCBA /* UIKit.framework in Frameworks */ = {isa = PBXBuildFile; fileRef = EECE42C319A4835000E1BCBA /* UIKit.framework */; };
		EECE42CA19A4835000E1BCBA /* InfoPlist.strings in Resources */ = {isa = PBXBuildFile; fileRef = EECE42C819A4835000E1BCBA /* InfoPlist.strings */; };
		EECE42CC19A4835000E1BCBA /* main.m in Sources */ = {isa = PBXBuildFile; fileRef = EECE42CB19A4835000E1BCBA /* main.m */; };
		EECE42D019A4835000E1BCBA /* AppDelegate.m in Sources */ = {isa = PBXBuildFile; fileRef = EECE42CF19A4835000E1BCBA /* AppDelegate.m */; };
		EECE42D819A4835000E1BCBA /* Images.xcassets in Resources */ = {isa = PBXBuildFile; fileRef = EECE42D719A4835000E1BCBA /* Images.xcassets */; };
		EECE42DF19A4835000E1BCBA /* XCTest.framework in Frameworks */ = {isa = PBXBuildFile; fileRef = EECE42DE19A4835000E1BCBA /* XCTest.framework */; };
		EECE42E019A4835000E1BCBA /* Foundation.framework in Frameworks */ = {isa = PBXBuildFile; fileRef = EECE42BF19A4835000E1BCBA /* Foundation.framework */; };
		EECE42E119A4835000E1BCBA /* UIKit.framework in Frameworks */ = {isa = PBXBuildFile; fileRef = EECE42C319A4835000E1BCBA /* UIKit.framework */; };
		EECE42E919A4835000E1BCBA /* InfoPlist.strings in Resources */ = {isa = PBXBuildFile; fileRef = EECE42E719A4835000E1BCBA /* InfoPlist.strings */; };
		EECE42EB19A4835000E1BCBA /* iosTestOcTests.m in Sources */ = {isa = PBXBuildFile; fileRef = EECE42EA19A4835000E1BCBA /* iosTestOcTests.m */; };
		EECE42F819A4903500E1BCBA /* bg1.jpg in Resources */ = {isa = PBXBuildFile; fileRef = EECE42F719A4903500E1BCBA /* bg1.jpg */; };
/* End PBXBuildFile section */

/* Begin PBXContainerItemProxy section */
		EECE42E219A4835000E1BCBA /* PBXContainerItemProxy */ = {
			isa = PBXContainerItemProxy;
			containerPortal = EECE42B419A4835000E1BCBA /* Project object */;
			proxyType = 1;
			remoteGlobalIDString = EECE42BB19A4835000E1BCBA;
			remoteInfo = iosTestOc;
		};
/* End PBXContainerItemProxy section */

/* Begin PBXFileReference section */
		EE11D25E19AC58BF007B3D5C /* CoinViewController.h */ = {isa = PBXFileReference; fileEncoding = 4; lastKnownFileType = sourcecode.c.h; path = CoinViewController.h; sourceTree = "<group>"; };
		EE11D25F19AC58BF007B3D5C /* CoinViewController.m */ = {isa = PBXFileReference; fileEncoding = 4; lastKnownFileType = sourcecode.c.objc; path = CoinViewController.m; sourceTree = "<group>"; };
		EE11D26119AC5945007B3D5C /* CoinView.h */ = {isa = PBXFileReference; fileEncoding = 4; lastKnownFileType = sourcecode.c.h; path = CoinView.h; sourceTree = "<group>"; };
		EE11D26219AC5945007B3D5C /* CoinView.m */ = {isa = PBXFileReference; fileEncoding = 4; lastKnownFileType = sourcecode.c.objc; path = CoinView.m; sourceTree = "<group>"; };
		EE1E40CA19A5EC3100F8C1FB /* AnimationViewController.h */ = {isa = PBXFileReference; fileEncoding = 4; lastKnownFileType = sourcecode.c.h; path = AnimationViewController.h; sourceTree = "<group>"; };
		EE1E40CB19A5EC3100F8C1FB /* AnimationViewController.m */ = {isa = PBXFileReference; fileEncoding = 4; lastKnownFileType = sourcecode.c.objc; path = AnimationViewController.m; sourceTree = "<group>"; };
		EE2CCA7D19AD91CA000C1490 /* ParallaxViewController.h */ = {isa = PBXFileReference; fileEncoding = 4; lastKnownFileType = sourcecode.c.h; path = ParallaxViewController.h; sourceTree = "<group>"; };
		EE2CCA7E19AD91CA000C1490 /* ParallaxViewController.m */ = {isa = PBXFileReference; fileEncoding = 4; lastKnownFileType = sourcecode.c.objc; path = ParallaxViewController.m; sourceTree = "<group>"; };
		EE2CCA8219ADCBD2000C1490 /* cloud@2x.png */ = {isa = PBXFileReference; lastKnownFileType = image.png; path = "cloud@2x.png"; sourceTree = "<group>"; };
		EE2DF87619C1A5BB00CD5ECA /* TestMapViewController.h */ = {isa = PBXFileReference; fileEncoding = 4; lastKnownFileType = sourcecode.c.h; path = TestMapViewController.h; sourceTree = "<group>"; };
		EE2DF87719C1A5BB00CD5ECA /* TestMapViewController.m */ = {isa = PBXFileReference; fileEncoding = 4; lastKnownFileType = sourcecode.c.objc; path = TestMapViewController.m; sourceTree = "<group>"; };
		EE2DF87919C1A60600CD5ECA /* MapKit.framework */ = {isa = PBXFileReference; lastKnownFileType = wrapper.framework; name = MapKit.framework; path = System/Library/Frameworks/MapKit.framework; sourceTree = SDKROOT; };
		EE31166319ADE8CB001DB7A8 /* bsierViewController.h */ = {isa = PBXFileReference; fileEncoding = 4; lastKnownFileType = sourcecode.c.h; path = bsierViewController.h; sourceTree = "<group>"; };
		EE31166419ADE8CB001DB7A8 /* bsierViewController.m */ = {isa = PBXFileReference; fileEncoding = 4; lastKnownFileType = sourcecode.c.objc; path = bsierViewController.m; sourceTree = "<group>"; };
		EE31166619ADEB7C001DB7A8 /* CanView.h */ = {isa = PBXFileReference; fileEncoding = 4; lastKnownFileType = sourcecode.c.h; path = CanView.h; sourceTree = "<group>"; };
		EE31166719ADEB7C001DB7A8 /* CanView.m */ = {isa = PBXFileReference; fileEncoding = 4; lastKnownFileType = sourcecode.c.objc; path = CanView.m; sourceTree = "<group>"; };
		EE48872419BFFCC900AA938F /* shuguangViewController.h */ = {isa = PBXFileReference; fileEncoding = 4; lastKnownFileType = sourcecode.c.h; path = shuguangViewController.h; sourceTree = "<group>"; };
		EE48872519BFFCC900AA938F /* shuguangViewController.m */ = {isa = PBXFileReference; fileEncoding = 4; lastKnownFileType = sourcecode.c.objc; path = shuguangViewController.m; sourceTree = "<group>"; };
		EE48872719BFFCF000AA938F /* shuView.h */ = {isa = PBXFileReference; fileEncoding = 4; lastKnownFileType = sourcecode.c.h; path = shuView.h; sourceTree = "<group>"; };
		EE48872819BFFCF000AA938F /* shuView.m */ = {isa = PBXFileReference; fileEncoding = 4; lastKnownFileType = sourcecode.c.objc; path = shuView.m; sourceTree = "<group>"; };
		EE48872B19C04DD700AA938F /* niceViewController.h */ = {isa = PBXFileReference; fileEncoding = 4; lastKnownFileType = sourcecode.c.h; path = niceViewController.h; sourceTree = "<group>"; };
		EE48872C19C04DD700AA938F /* niceViewController.m */ = {isa = PBXFileReference; fileEncoding = 4; lastKnownFileType = sourcecode.c.objc; path = niceViewController.m; sourceTree = "<group>"; };
		EE48872E19C0608E00AA938F /* 1213.png */ = {isa = PBXFileReference; lastKnownFileType = image.png; path = 1213.png; sourceTree = "<group>"; };
		EE54DB3019A5C15B003A115C /* HomeViewController.h */ = {isa = PBXFileReference; fileEncoding = 4; lastKnownFileType = sourcecode.c.h; path = HomeViewController.h; sourceTree = "<group>"; };
		EE54DB3119A5C15B003A115C /* HomeViewController.m */ = {isa = PBXFileReference; fileEncoding = 4; lastKnownFileType = sourcecode.c.objc; path = HomeViewController.m; sourceTree = "<group>"; };
		EE54DB3219A5C15B003A115C /* HomeViewController.xib */ = {isa = PBXFileReference; fileEncoding = 4; lastKnownFileType = file.xib; path = HomeViewController.xib; sourceTree = "<group>"; };
		EE54DB3619A5CDAA003A115C /* BlurView.h */ = {isa = PBXFileReference; fileEncoding = 4; lastKnownFileType = sourcecode.c.h; path = BlurView.h; sourceTree = "<group>"; };
		EE54DB3719A5CDAA003A115C /* BlurView.m */ = {isa = PBXFileReference; fileEncoding = 4; lastKnownFileType = sourcecode.c.objc; path = BlurView.m; sourceTree = "<group>"; };
		EE54DB3819A5CDAA003A115C /* ViewController.h */ = {isa = PBXFileReference; fileEncoding = 4; lastKnownFileType = sourcecode.c.h; path = ViewController.h; sourceTree = "<group>"; };
		EE54DB3919A5CDAA003A115C /* ViewController.m */ = {isa = PBXFileReference; fileEncoding = 4; lastKnownFileType = sourcecode.c.objc; path = ViewController.m; sourceTree = "<group>"; };
		EE8562BE19AB05AB00850005 /* FanYeViewController.h */ = {isa = PBXFileReference; fileEncoding = 4; lastKnownFileType = sourcecode.c.h; path = FanYeViewController.h; sourceTree = "<group>"; };
		EE8562BF19AB05AB00850005 /* FanYeViewController.m */ = {isa = PBXFileReference; fileEncoding = 4; lastKnownFileType = sourcecode.c.objc; path = FanYeViewController.m; sourceTree = "<group>"; };
		EE8562C119AB180B00850005 /* define.h */ = {isa = PBXFileReference; fileEncoding = 4; lastKnownFileType = sourcecode.c.h; path = define.h; sourceTree = "<group>"; };
		EE9240BD19BEA434005F57FA /* guoduViewController.h */ = {isa = PBXFileReference; fileEncoding = 4; lastKnownFileType = sourcecode.c.h; path = guoduViewController.h; sourceTree = "<group>"; };
		EE9240BE19BEA434005F57FA /* guoduViewController.m */ = {isa = PBXFileReference; fileEncoding = 4; lastKnownFileType = sourcecode.c.objc; path = guoduViewController.m; sourceTree = "<group>"; };
		EE9240C419BECA05005F57FA /* ClcViewController.h */ = {isa = PBXFileReference; fileEncoding = 4; lastKnownFileType = sourcecode.c.h; path = ClcViewController.h; sourceTree = "<group>"; };
		EE9240C519BECA05005F57FA /* ClcViewController.m */ = {isa = PBXFileReference; fileEncoding = 4; lastKnownFileType = sourcecode.c.objc; path = ClcViewController.m; sourceTree = "<group>"; };
		EE9240C719BED20A005F57FA /* PicViewLayOut.h */ = {isa = PBXFileReference; fileEncoding = 4; lastKnownFileType = sourcecode.c.h; path = PicViewLayOut.h; sourceTree = "<group>"; };
		EE9240C819BED20A005F57FA /* PicViewLayOut.m */ = {isa = PBXFileReference; fileEncoding = 4; lastKnownFileType = sourcecode.c.objc; path = PicViewLayOut.m; sourceTree = "<group>"; };
		EE9240CA19BED25C005F57FA /* PicViewCell.h */ = {isa = PBXFileReference; fileEncoding = 4; lastKnownFileType = sourcecode.c.h; path = PicViewCell.h; sourceTree = "<group>"; };
		EE9240CB19BED25C005F57FA /* PicViewCell.m */ = {isa = PBXFileReference; fileEncoding = 4; lastKnownFileType = sourcecode.c.objc; path = PicViewCell.m; sourceTree = "<group>"; };
		EE9240CD19BEDE9D005F57FA /* 0.JPG */ = {isa = PBXFileReference; lastKnownFileType = image.jpeg; path = 0.JPG; sourceTree = "<group>"; };
		EE9240CE19BEDE9D005F57FA /* 1.JPG */ = {isa = PBXFileReference; lastKnownFileType = image.jpeg; path = 1.JPG; sourceTree = "<group>"; };
		EE9240CF19BEDE9D005F57FA /* 2.JPG */ = {isa = PBXFileReference; lastKnownFileType = image.jpeg; path = 2.JPG; sourceTree = "<group>"; };
		EEA5046419A723C800C0F246 /* FyNavigationController.h */ = {isa = PBXFileReference; fileEncoding = 4; lastKnownFileType = sourcecode.c.h; path = FyNavigationController.h; sourceTree = "<group>"; };
		EEA5046519A723C800C0F246 /* FyNavigationController.m */ = {isa = PBXFileReference; fileEncoding = 4; lastKnownFileType = sourcecode.c.objc; path = FyNavigationController.m; sourceTree = "<group>"; };
		EEA5046719A7241900C0F246 /* ExampleViewController.h */ = {isa = PBXFileReference; fileEncoding = 4; lastKnownFileType = sourcecode.c.h; path = ExampleViewController.h; sourceTree = "<group>"; };
		EEA5046819A7241900C0F246 /* ExampleViewController.m */ = {isa = PBXFileReference; fileEncoding = 4; lastKnownFileType = sourcecode.c.objc; path = ExampleViewController.m; sourceTree = "<group>"; };
		EEA5046A19A72BBB00C0F246 /* QuartzCore.framework */ = {isa = PBXFileReference; lastKnownFileType = wrapper.framework; name = QuartzCore.framework; path = System/Library/Frameworks/QuartzCore.framework; sourceTree = SDKROOT; };
		EEAEBB6E19A74F6500C5EFF5 /* ZhimaViewController.h */ = {isa = PBXFileReference; fileEncoding = 4; lastKnownFileType = sourcecode.c.h; path = ZhimaViewController.h; sourceTree = "<group>"; };
		EEAEBB6F19A74F6500C5EFF5 /* ZhimaViewController.m */ = {isa = PBXFileReference; fileEncoding = 4; lastKnownFileType = sourcecode.c.objc; path = ZhimaViewController.m; sourceTree = "<group>"; };
		EEC1DAC419B9CDC1009B1082 /* juHuaView1.h */ = {isa = PBXFileReference; fileEncoding = 4; lastKnownFileType = sourcecode.c.h; path = juHuaView1.h; sourceTree = "<group>"; };
		EEC1DAC519B9CDC1009B1082 /* juHuaView1.m */ = {isa = PBXFileReference; fileEncoding = 4; lastKnownFileType = sourcecode.c.objc; path = juHuaView1.m; sourceTree = "<group>"; };
		EEC1DAC619B9CDC1009B1082 /* juHuaViewController.h */ = {isa = PBXFileReference; fileEncoding = 4; lastKnownFileType = sourcecode.c.h; path = juHuaViewController.h; sourceTree = "<group>"; };
		EEC1DAC719B9CDC1009B1082 /* juHuaViewController.m */ = {isa = PBXFileReference; fileEncoding = 4; lastKnownFileType = sourcecode.c.objc; path = juHuaViewController.m; sourceTree = "<group>"; };
		EECE42BC19A4835000E1BCBA /* iosTestOc.app */ = {isa = PBXFileReference; explicitFileType = wrapper.application; includeInIndex = 0; path = iosTestOc.app; sourceTree = BUILT_PRODUCTS_DIR; };
		EECE42BF19A4835000E1BCBA /* Foundation.framework */ = {isa = PBXFileReference; lastKnownFileType = wrapper.framework; name = Foundation.framework; path = System/Library/Frameworks/Foundation.framework; sourceTree = SDKROOT; };
		EECE42C119A4835000E1BCBA /* CoreGraphics.framework */ = {isa = PBXFileReference; lastKnownFileType = wrapper.framework; name = CoreGraphics.framework; path = System/Library/Frameworks/CoreGraphics.framework; sourceTree = SDKROOT; };
		EECE42C319A4835000E1BCBA /* UIKit.framework */ = {isa = PBXFileReference; lastKnownFileType = wrapper.framework; name = UIKit.framework; path = System/Library/Frameworks/UIKit.framework; sourceTree = SDKROOT; };
		EECE42C719A4835000E1BCBA /* iosTestOc-Info.plist */ = {isa = PBXFileReference; lastKnownFileType = text.plist.xml; path = "iosTestOc-Info.plist"; sourceTree = "<group>"; };
		EECE42C919A4835000E1BCBA /* en */ = {isa = PBXFileReference; lastKnownFileType = text.plist.strings; name = en; path = en.lproj/InfoPlist.strings; sourceTree = "<group>"; };
		EECE42CB19A4835000E1BCBA /* main.m */ = {isa = PBXFileReference; lastKnownFileType = sourcecode.c.objc; path = main.m; sourceTree = "<group>"; };
		EECE42CD19A4835000E1BCBA /* iosTestOc-Prefix.pch */ = {isa = PBXFileReference; lastKnownFileType = sourcecode.c.h; path = "iosTestOc-Prefix.pch"; sourceTree = "<group>"; };
		EECE42CE19A4835000E1BCBA /* AppDelegate.h */ = {isa = PBXFileReference; lastKnownFileType = sourcecode.c.h; path = AppDelegate.h; sourceTree = "<group>"; };
		EECE42CF19A4835000E1BCBA /* AppDelegate.m */ = {isa = PBXFileReference; lastKnownFileType = sourcecode.c.objc; path = AppDelegate.m; sourceTree = "<group>"; };
		EECE42D719A4835000E1BCBA /* Images.xcassets */ = {isa = PBXFileReference; lastKnownFileType = folder.assetcatalog; path = Images.xcassets; sourceTree = "<group>"; };
		EECE42DD19A4835000E1BCBA /* iosTestOcTests.xctest */ = {isa = PBXFileReference; explicitFileType = wrapper.cfbundle; includeInIndex = 0; path = iosTestOcTests.xctest; sourceTree = BUILT_PRODUCTS_DIR; };
		EECE42DE19A4835000E1BCBA /* XCTest.framework */ = {isa = PBXFileReference; lastKnownFileType = wrapper.framework; name = XCTest.framework; path = Library/Frameworks/XCTest.framework; sourceTree = DEVELOPER_DIR; };
		EECE42E619A4835000E1BCBA /* iosTestOcTests-Info.plist */ = {isa = PBXFileReference; lastKnownFileType = text.plist.xml; path = "iosTestOcTests-Info.plist"; sourceTree = "<group>"; };
		EECE42E819A4835000E1BCBA /* en */ = {isa = PBXFileReference; lastKnownFileType = text.plist.strings; name = en; path = en.lproj/InfoPlist.strings; sourceTree = "<group>"; };
		EECE42EA19A4835000E1BCBA /* iosTestOcTests.m */ = {isa = PBXFileReference; lastKnownFileType = sourcecode.c.objc; path = iosTestOcTests.m; sourceTree = "<group>"; };
		EECE42F719A4903500E1BCBA /* bg1.jpg */ = {isa = PBXFileReference; lastKnownFileType = image.jpeg; path = bg1.jpg; sourceTree = "<group>"; };
/* End PBXFileReference section */

/* Begin PBXFrameworksBuildPhase section */
		EECE42B919A4835000E1BCBA /* Frameworks */ = {
			isa = PBXFrameworksBuildPhase;
			buildActionMask = 2147483647;
			files = (
				EE2DF87A19C1A60600CD5ECA /* MapKit.framework in Frameworks */,
				EEA5046B19A72BBB00C0F246 /* QuartzCore.framework in Frameworks */,
				EECE42C219A4835000E1BCBA /* CoreGraphics.framework in Frameworks */,
				EECE42C419A4835000E1BCBA /* UIKit.framework in Frameworks */,
				EECE42C019A4835000E1BCBA /* Foundation.framework in Frameworks */,
			);
			runOnlyForDeploymentPostprocessing = 0;
		};
		EECE42DA19A4835000E1BCBA /* Frameworks */ = {
			isa = PBXFrameworksBuildPhase;
			buildActionMask = 2147483647;
			files = (
				EECE42DF19A4835000E1BCBA /* XCTest.framework in Frameworks */,
				EECE42E119A4835000E1BCBA /* UIKit.framework in Frameworks */,
				EECE42E019A4835000E1BCBA /* Foundation.framework in Frameworks */,
			);
			runOnlyForDeploymentPostprocessing = 0;
		};
/* End PBXFrameworksBuildPhase section */

/* Begin PBXGroup section */
		EE48872319BFFCC900AA938F /* shu */ = {
			isa = PBXGroup;
			children = (
				EE48872419BFFCC900AA938F /* shuguangViewController.h */,
				EE48872519BFFCC900AA938F /* shuguangViewController.m */,
				EE48872719BFFCF000AA938F /* shuView.h */,
				EE48872819BFFCF000AA938F /* shuView.m */,
			);
			path = shu;
			sourceTree = "<group>";
		};
		EE48872A19C04D9200AA938F /* expediaTest */ = {
			isa = PBXGroup;
			children = (
				EE48872B19C04DD700AA938F /* niceViewController.h */,
				EE48872C19C04DD700AA938F /* niceViewController.m */,
				EE2DF87619C1A5BB00CD5ECA /* TestMapViewController.h */,
				EE2DF87719C1A5BB00CD5ECA /* TestMapViewController.m */,
			);
			path = expediaTest;
			sourceTree = "<group>";
		};
		EE54DB3519A5CDAA003A115C /* maoboli */ = {
			isa = PBXGroup;
			children = (
				EE54DB3619A5CDAA003A115C /* BlurView.h */,
				EE54DB3719A5CDAA003A115C /* BlurView.m */,
				EE54DB3819A5CDAA003A115C /* ViewController.h */,
				EE54DB3919A5CDAA003A115C /* ViewController.m */,
			);
			path = maoboli;
			sourceTree = "<group>";
		};
		EE9240C319BEC9DB005F57FA /* collectionView */ = {
			isa = PBXGroup;
			children = (
				EE9240C419BECA05005F57FA /* ClcViewController.h */,
				EE9240C519BECA05005F57FA /* ClcViewController.m */,
				EE9240C719BED20A005F57FA /* PicViewLayOut.h */,
				EE9240C819BED20A005F57FA /* PicViewLayOut.m */,
				EE9240CA19BED25C005F57FA /* PicViewCell.h */,
				EE9240CB19BED25C005F57FA /* PicViewCell.m */,
			);
			path = collectionView;
			sourceTree = "<group>";
		};
		EEC1DAC319B9CDC1009B1082 /* juhua */ = {
			isa = PBXGroup;
			children = (
				EEC1DAC419B9CDC1009B1082 /* juHuaView1.h */,
				EEC1DAC519B9CDC1009B1082 /* juHuaView1.m */,
				EEC1DAC619B9CDC1009B1082 /* juHuaViewController.h */,
				EEC1DAC719B9CDC1009B1082 /* juHuaViewController.m */,
			);
			path = juhua;
			sourceTree = "<group>";
		};
		EECE42B319A4835000E1BCBA = {
			isa = PBXGroup;
			children = (
				EECE42F619A4903500E1BCBA /* img */,
				EECE42C519A4835000E1BCBA /* iosTestOc */,
				EECE42E419A4835000E1BCBA /* iosTestOcTests */,
				EECE42BE19A4835000E1BCBA /* Frameworks */,
				EECE42BD19A4835000E1BCBA /* Products */,
			);
			sourceTree = "<group>";
		};
		EECE42BD19A4835000E1BCBA /* Products */ = {
			isa = PBXGroup;
			children = (
				EECE42BC19A4835000E1BCBA /* iosTestOc.app */,
				EECE42DD19A4835000E1BCBA /* iosTestOcTests.xctest */,
			);
			name = Products;
			sourceTree = "<group>";
		};
		EECE42BE19A4835000E1BCBA /* Frameworks */ = {
			isa = PBXGroup;
			children = (
				EE2DF87919C1A60600CD5ECA /* MapKit.framework */,
				EEA5046A19A72BBB00C0F246 /* QuartzCore.framework */,
				EECE42BF19A4835000E1BCBA /* Foundation.framework */,
				EECE42C119A4835000E1BCBA /* CoreGraphics.framework */,
				EECE42C319A4835000E1BCBA /* UIKit.framework */,
				EECE42DE19A4835000E1BCBA /* XCTest.framework */,
			);
			name = Frameworks;
			sourceTree = "<group>";
		};
		EECE42C519A4835000E1BCBA /* iosTestOc */ = {
			isa = PBXGroup;
			children = (
				EE48872A19C04D9200AA938F /* expediaTest */,
				EE48872319BFFCC900AA938F /* shu */,
				EE9240C319BEC9DB005F57FA /* collectionView */,
				EEC1DAC319B9CDC1009B1082 /* juhua */,
				EE54DB3519A5CDAA003A115C /* maoboli */,
				EECE42CE19A4835000E1BCBA /* AppDelegate.h */,
				EECE42CF19A4835000E1BCBA /* AppDelegate.m */,
				EECE42D719A4835000E1BCBA /* Images.xcassets */,
				EECE42C619A4835000E1BCBA /* Supporting Files */,
				EE54DB3019A5C15B003A115C /* HomeViewController.h */,
				EE54DB3119A5C15B003A115C /* HomeViewController.m */,
				EE54DB3219A5C15B003A115C /* HomeViewController.xib */,
				EE1E40CA19A5EC3100F8C1FB /* AnimationViewController.h */,
				EE1E40CB19A5EC3100F8C1FB /* AnimationViewController.m */,
				EEA5046419A723C800C0F246 /* FyNavigationController.h */,
				EEA5046519A723C800C0F246 /* FyNavigationController.m */,
				EEA5046719A7241900C0F246 /* ExampleViewController.h */,
				EEA5046819A7241900C0F246 /* ExampleViewController.m */,
				EEAEBB6E19A74F6500C5EFF5 /* ZhimaViewController.h */,
				EEAEBB6F19A74F6500C5EFF5 /* ZhimaViewController.m */,
				EE8562BE19AB05AB00850005 /* FanYeViewController.h */,
				EE8562BF19AB05AB00850005 /* FanYeViewController.m */,
				EE8562C119AB180B00850005 /* define.h */,
				EE11D25E19AC58BF007B3D5C /* CoinViewController.h */,
				EE11D25F19AC58BF007B3D5C /* CoinViewController.m */,
				EE11D26119AC5945007B3D5C /* CoinView.h */,
				EE11D26219AC5945007B3D5C /* CoinView.m */,
				EE2CCA7D19AD91CA000C1490 /* ParallaxViewController.h */,
				EE2CCA7E19AD91CA000C1490 /* ParallaxViewController.m */,
				EE31166319ADE8CB001DB7A8 /* bsierViewController.h */,
				EE31166419ADE8CB001DB7A8 /* bsierViewController.m */,
				EE31166619ADEB7C001DB7A8 /* CanView.h */,
				EE31166719ADEB7C001DB7A8 /* CanView.m */,
				EE9240BD19BEA434005F57FA /* guoduViewController.h */,
				EE9240BE19BEA434005F57FA /* guoduViewController.m */,
			);
			path = iosTestOc;
			sourceTree = "<group>";
		};
		EECE42C619A4835000E1BCBA /* Supporting Files */ = {
			isa = PBXGroup;
			children = (
				EECE42C719A4835000E1BCBA /* iosTestOc-Info.plist */,
				EECE42C819A4835000E1BCBA /* InfoPlist.strings */,
				EECE42CB19A4835000E1BCBA /* main.m */,
				EECE42CD19A4835000E1BCBA /* iosTestOc-Prefix.pch */,
			);
			name = "Supporting Files";
			sourceTree = "<group>";
		};
		EECE42E419A4835000E1BCBA /* iosTestOcTests */ = {
			isa = PBXGroup;
			children = (
				EECE42EA19A4835000E1BCBA /* iosTestOcTests.m */,
				EECE42E519A4835000E1BCBA /* Supporting Files */,
			);
			path = iosTestOcTests;
			sourceTree = "<group>";
		};
		EECE42E519A4835000E1BCBA /* Supporting Files */ = {
			isa = PBXGroup;
			children = (
				EECE42E619A4835000E1BCBA /* iosTestOcTests-Info.plist */,
				EECE42E719A4835000E1BCBA /* InfoPlist.strings */,
			);
			name = "Supporting Files";
			sourceTree = "<group>";
		};
		EECE42F619A4903500E1BCBA /* img */ = {
			isa = PBXGroup;
			children = (
				EE48872E19C0608E00AA938F /* 1213.png */,
				EE9240CD19BEDE9D005F57FA /* 0.JPG */,
				EE9240CE19BEDE9D005F57FA /* 1.JPG */,
				EE9240CF19BEDE9D005F57FA /* 2.JPG */,
				EE2CCA8219ADCBD2000C1490 /* cloud@2x.png */,
				EECE42F719A4903500E1BCBA /* bg1.jpg */,
			);
			name = img;
			path = iosTestOc/img;
			sourceTree = "<group>";
		};
/* End PBXGroup section */

/* Begin PBXNativeTarget section */
		EECE42BB19A4835000E1BCBA /* iosTestOc */ = {
			isa = PBXNativeTarget;
			buildConfigurationList = EECE42EE19A4835000E1BCBA /* Build configuration list for PBXNativeTarget "iosTestOc" */;
			buildPhases = (
				EECE42B819A4835000E1BCBA /* Sources */,
				EECE42B919A4835000E1BCBA /* Frameworks */,
				EECE42BA19A4835000E1BCBA /* Resources */,
			);
			buildRules = (
			);
			dependencies = (
			);
			name = iosTestOc;
			productName = iosTestOc;
			productReference = EECE42BC19A4835000E1BCBA /* iosTestOc.app */;
			productType = "com.apple.product-type.application";
		};
		EECE42DC19A4835000E1BCBA /* iosTestOcTests */ = {
			isa = PBXNativeTarget;
			buildConfigurationList = EECE42F119A4835000E1BCBA /* Build configuration list for PBXNativeTarget "iosTestOcTests" */;
			buildPhases = (
				EECE42D919A4835000E1BCBA /* Sources */,
				EECE42DA19A4835000E1BCBA /* Frameworks */,
				EECE42DB19A4835000E1BCBA /* Resources */,
			);
			buildRules = (
			);
			dependencies = (
				EECE42E319A4835000E1BCBA /* PBXTargetDependency */,
			);
			name = iosTestOcTests;
			productName = iosTestOcTests;
			productReference = EECE42DD19A4835000E1BCBA /* iosTestOcTests.xctest */;
			productType = "com.apple.product-type.bundle.unit-test";
		};
/* End PBXNativeTarget section */

/* Begin PBXProject section */
		EECE42B419A4835000E1BCBA /* Project object */ = {
			isa = PBXProject;
			attributes = {
				LastUpgradeCheck = 0510;
				ORGANIZATIONNAME = gaoyong;
				TargetAttributes = {
					EECE42DC19A4835000E1BCBA = {
						TestTargetID = EECE42BB19A4835000E1BCBA;
					};
				};
			};
			buildConfigurationList = EECE42B719A4835000E1BCBA /* Build configuration list for PBXProject "iosTestOc" */;
			compatibilityVersion = "Xcode 3.2";
			developmentRegion = English;
			hasScannedForEncodings = 0;
			knownRegions = (
				en,
				Base,
			);
			mainGroup = EECE42B319A4835000E1BCBA;
			productRefGroup = EECE42BD19A4835000E1BCBA /* Products */;
			projectDirPath = "";
			projectRoot = "";
			targets = (
				EECE42BB19A4835000E1BCBA /* iosTestOc */,
				EECE42DC19A4835000E1BCBA /* iosTestOcTests */,
			);
		};
/* End PBXProject section */

/* Begin PBXResourcesBuildPhase section */
		EECE42BA19A4835000E1BCBA /* Resources */ = {
			isa = PBXResourcesBuildPhase;
			buildActionMask = 2147483647;
			files = (
				EE48872F19C0608E00AA938F /* 1213.png in Resources */,
				EE9240D019BEDE9D005F57FA /* 0.JPG in Resources */,
				EECE42F819A4903500E1BCBA /* bg1.jpg in Resources */,
				EE9240D119BEDE9D005F57FA /* 1.JPG in Resources */,
				EECE42D819A4835000E1BCBA /* Images.xcassets in Resources */,
				EE54DB3419A5C15B003A115C /* HomeViewController.xib in Resources */,
				EECE42CA19A4835000E1BCBA /* InfoPlist.strings in Resources */,
				EE9240D219BEDE9D005F57FA /* 2.JPG in Resources */,
				EE2CCA8319ADCBD2000C1490 /* cloud@2x.png in Resources */,
			);
			runOnlyForDeploymentPostprocessing = 0;
		};
		EECE42DB19A4835000E1BCBA /* Resources */ = {
			isa = PBXResourcesBuildPhase;
			buildActionMask = 2147483647;
			files = (
				EECE42E919A4835000E1BCBA /* InfoPlist.strings in Resources */,
			);
			runOnlyForDeploymentPostprocessing = 0;
		};
/* End PBXResourcesBuildPhase section */

/* Begin PBXSourcesBuildPhase section */
		EECE42B819A4835000E1BCBA /* Sources */ = {
			isa = PBXSourcesBuildPhase;
			buildActionMask = 2147483647;
			files = (
				EEC1DAC819B9CDC1009B1082 /* juHuaView1.m in Sources */,
				EE31166819ADEB7C001DB7A8 /* CanView.m in Sources */,
				EE9240C619BECA05005F57FA /* ClcViewController.m in Sources */,
				EE9240C919BED20A005F57FA /* PicViewLayOut.m in Sources */,
				EEC1DAC919B9CDC1009B1082 /* juHuaViewController.m in Sources */,
				EE48872D19C04DD700AA938F /* niceViewController.m in Sources */,
				EECE42D019A4835000E1BCBA /* AppDelegate.m in Sources */,
				EE48872619BFFCC900AA938F /* shuguangViewController.m in Sources */,
				EE54DB3A19A5CDAA003A115C /* BlurView.m in Sources */,
				EE9240BF19BEA434005F57FA /* guoduViewController.m in Sources */,
				EE11D26019AC58BF007B3D5C /* CoinViewController.m in Sources */,
				EEAEBB7019A74F6500C5EFF5 /* ZhimaViewController.m in Sources */,
				EE2CCA7F19AD91CA000C1490 /* ParallaxViewController.m in Sources */,
				EE9240CC19BED25C005F57FA /* PicViewCell.m in Sources */,
				EE31166519ADE8CB001DB7A8 /* bsierViewController.m in Sources */,
				EE54DB3319A5C15B003A115C /* HomeViewController.m in Sources */,
				EE8562C019AB05AB00850005 /* FanYeViewController.m in Sources */,
				EE1E40CC19A5EC3100F8C1FB /* AnimationViewController.m in Sources */,
				EEA5046619A723C800C0F246 /* FyNavigationController.m in Sources */,
				EE48872919BFFCF000AA938F /* shuView.m in Sources */,
				EE11D26319AC5945007B3D5C /* CoinView.m in Sources */,
				EEA5046919A7241900C0F246 /* ExampleViewController.m in Sources */,
				EECE42CC19A4835000E1BCBA /* main.m in Sources */,
				EE2DF87819C1A5BB00CD5ECA /* TestMapViewController.m in Sources */,
				EE54DB3B19A5CDAA003A115C /* ViewController.m in Sources */,
			);
			runOnlyForDeploymentPostprocessing = 0;
		};
		EECE42D919A4835000E1BCBA /* Sources */ = {
			isa = PBXSourcesBuildPhase;
			buildActionMask = 2147483647;
			files = (
				EECE42EB19A4835000E1BCBA /* iosTestOcTests.m in Sources */,
			);
			runOnlyForDeploymentPostprocessing = 0;
		};
/* End PBXSourcesBuildPhase section */

/* Begin PBXTargetDependency section */
		EECE42E319A4835000E1BCBA /* PBXTargetDependency */ = {
			isa = PBXTargetDependency;
			target = EECE42BB19A4835000E1BCBA /* iosTestOc */;
			targetProxy = EECE42E219A4835000E1BCBA /* PBXContainerItemProxy */;
		};
/* End PBXTargetDependency section */

/* Begin PBXVariantGroup section */
		EECE42C819A4835000E1BCBA /* InfoPlist.strings */ = {
			isa = PBXVariantGroup;
			children = (
				EECE42C919A4835000E1BCBA /* en */,
			);
			name = InfoPlist.strings;
			sourceTree = "<group>";
		};
		EECE42E719A4835000E1BCBA /* InfoPlist.strings */ = {
			isa = PBXVariantGroup;
			children = (
				EECE42E819A4835000E1BCBA /* en */,
			);
			name = InfoPlist.strings;
			sourceTree = "<group>";
		};
/* End PBXVariantGroup section */

/* Begin XCBuildConfiguration section */
		EECE42EC19A4835000E1BCBA /* Debug */ = {
			isa = XCBuildConfiguration;
			buildSettings = {
				ALWAYS_SEARCH_USER_PATHS = NO;
				CLANG_CXX_LANGUAGE_STANDARD = "gnu++0x";
				CLANG_CXX_LIBRARY = "libc++";
				CLANG_ENABLE_MODULES = YES;
				CLANG_ENABLE_OBJC_ARC = YES;
				CLANG_WARN_BOOL_CONVERSION = YES;
				CLANG_WARN_CONSTANT_CONVERSION = YES;
				CLANG_WARN_DIRECT_OBJC_ISA_USAGE = YES_ERROR;
				CLANG_WARN_EMPTY_BODY = YES;
				CLANG_WARN_ENUM_CONVERSION = YES;
				CLANG_WARN_INT_CONVERSION = YES;
				CLANG_WARN_OBJC_ROOT_CLASS = YES_ERROR;
				CLANG_WARN__DUPLICATE_METHOD_MATCH = YES;
				"CODE_SIGN_IDENTITY[sdk=iphoneos*]" = "iPhone Developer";
				COPY_PHASE_STRIP = NO;
				GCC_C_LANGUAGE_STANDARD = gnu99;
				GCC_DYNAMIC_NO_PIC = NO;
				GCC_OPTIMIZATION_LEVEL = 0;
				GCC_PREPROCESSOR_DEFINITIONS = (
					"DEBUG=1",
					"$(inherited)",
				);
				GCC_SYMBOLS_PRIVATE_EXTERN = NO;
				GCC_WARN_64_TO_32_BIT_CONVERSION = YES;
				GCC_WARN_ABOUT_RETURN_TYPE = YES_ERROR;
				GCC_WARN_UNDECLARED_SELECTOR = YES;
				GCC_WARN_UNINITIALIZED_AUTOS = YES_AGGRESSIVE;
				GCC_WARN_UNUSED_FUNCTION = YES;
				GCC_WARN_UNUSED_VARIABLE = YES;
				IPHONEOS_DEPLOYMENT_TARGET = 7.1;
				ONLY_ACTIVE_ARCH = YES;
				SDKROOT = iphoneos;
			};
			name = Debug;
		};
		EECE42ED19A4835000E1BCBA /* Release */ = {
			isa = XCBuildConfiguration;
			buildSettings = {
				ALWAYS_SEARCH_USER_PATHS = NO;
				CLANG_CXX_LANGUAGE_STANDARD = "gnu++0x";
				CLANG_CXX_LIBRARY = "libc++";
				CLANG_ENABLE_MODULES = YES;
				CLANG_ENABLE_OBJC_ARC = YES;
				CLANG_WARN_BOOL_CONVERSION = YES;
				CLANG_WARN_CONSTANT_CONVERSION = YES;
				CLANG_WARN_DIRECT_OBJC_ISA_USAGE = YES_ERROR;
				CLANG_WARN_EMPTY_BODY = YES;
				CLANG_WARN_ENUM_CONVERSION = YES;
				CLANG_WARN_INT_CONVERSION = YES;
				CLANG_WARN_OBJC_ROOT_CLASS = YES_ERROR;
				CLANG_WARN__DUPLICATE_METHOD_MATCH = YES;
				"CODE_SIGN_IDENTITY[sdk=iphoneos*]" = "iPhone Developer";
				COPY_PHASE_STRIP = YES;
				ENABLE_NS_ASSERTIONS = NO;
				GCC_C_LANGUAGE_STANDARD = gnu99;
				GCC_WARN_64_TO_32_BIT_CONVERSION = YES;
				GCC_WARN_ABOUT_RETURN_TYPE = YES_ERROR;
				GCC_WARN_UNDECLARED_SELECTOR = YES;
				GCC_WARN_UNINITIALIZED_AUTOS = YES_AGGRESSIVE;
				GCC_WARN_UNUSED_FUNCTION = YES;
				GCC_WARN_UNUSED_VARIABLE = YES;
				IPHONEOS_DEPLOYMENT_TARGET = 7.1;
				SDKROOT = iphoneos;
				VALIDATE_PRODUCT = YES;
			};
			name = Release;
		};
		EECE42EF19A4835000E1BCBA /* Debug */ = {
			isa = XCBuildConfiguration;
			buildSettings = {
				ASSETCATALOG_COMPILER_APPICON_NAME = AppIcon;
				ASSETCATALOG_COMPILER_LAUNCHIMAGE_NAME = LaunchImage;
				GCC_PRECOMPILE_PREFIX_HEADER = YES;
				GCC_PREFIX_HEADER = "iosTestOc/iosTestOc-Prefix.pch";
				INFOPLIST_FILE = "iosTestOc/iosTestOc-Info.plist";
				PRODUCT_NAME = "$(TARGET_NAME)";
				WRAPPER_EXTENSION = app;
			};
			name = Debug;
		};
		EECE42F019A4835000E1BCBA /* Release */ = {
			isa = XCBuildConfiguration;
			buildSettings = {
				ASSETCATALOG_COMPILER_APPICON_NAME = AppIcon;
				ASSETCATALOG_COMPILER_LAUNCHIMAGE_NAME = LaunchImage;
				GCC_PRECOMPILE_PREFIX_HEADER = YES;
				GCC_PREFIX_HEADER = "iosTestOc/iosTestOc-Prefix.pch";
				INFOPLIST_FILE = "iosTestOc/iosTestOc-Info.plist";
				PRODUCT_NAME = "$(TARGET_NAME)";
				WRAPPER_EXTENSION = app;
			};
			name = Release;
		};
		EECE42F219A4835000E1BCBA /* Debug */ = {
			isa = XCBuildConfiguration;
			buildSettings = {
				BUNDLE_LOADER = "$(BUILT_PRODUCTS_DIR)/iosTestOc.app/iosTestOc";
				FRAMEWORK_SEARCH_PATHS = (
					"$(SDKROOT)/Developer/Library/Frameworks",
					"$(inherited)",
					"$(DEVELOPER_FRAMEWORKS_DIR)",
				);
				GCC_PRECOMPILE_PREFIX_HEADER = YES;
				GCC_PREFIX_HEADER = "iosTestOc/iosTestOc-Prefix.pch";
				GCC_PREPROCESSOR_DEFINITIONS = (
					"DEBUG=1",
					"$(inherited)",
				);
				INFOPLIST_FILE = "iosTestOcTests/iosTestOcTests-Info.plist";
				PRODUCT_NAME = "$(TARGET_NAME)";
				TEST_HOST = "$(BUNDLE_LOADER)";
				WRAPPER_EXTENSION = xctest;
			};
			name = Debug;
		};
		EECE42F319A4835000E1BCBA /* Release */ = {
			isa = XCBuildConfiguration;
			buildSettings = {
				BUNDLE_LOADER = "$(BUILT_PRODUCTS_DIR)/iosTestOc.app/iosTestOc";
				FRAMEWORK_SEARCH_PATHS = (
					"$(SDKROOT)/Developer/Library/Frameworks",
					"$(inherited)",
					"$(DEVELOPER_FRAMEWORKS_DIR)",
				);
				GCC_PRECOMPILE_PREFIX_HEADER = YES;
				GCC_PREFIX_HEADER = "iosTestOc/iosTestOc-Prefix.pch";
				INFOPLIST_FILE = "iosTestOcTests/iosTestOcTests-Info.plist";
				PRODUCT_NAME = "$(TARGET_NAME)";
				TEST_HOST = "$(BUNDLE_LOADER)";
				WRAPPER_EXTENSION = xctest;
			};
			name = Release;
		};
/* End XCBuildConfiguration section */

/* Begin XCConfigurationList section */
		EECE42B719A4835000E1BCBA /* Build configuration list for PBXProject "iosTestOc" */ = {
			isa = XCConfigurationList;
			buildConfigurations = (
				EECE42EC19A4835000E1BCBA /* Debug */,
				EECE42ED19A4835000E1BCBA /* Release */,
			);
			defaultConfigurationIsVisible = 0;
			defaultConfigurationName = Release;
		};
		EECE42EE19A4835000E1BCBA /* Build configuration list for PBXNativeTarget "iosTestOc" */ = {
			isa = XCConfigurationList;
			buildConfigurations = (
				EECE42EF19A4835000E1BCBA /* Debug */,
				EECE42F019A4835000E1BCBA /* Release */,
			);
			defaultConfigurationIsVisible = 0;
			defaultConfigurationName = Release;
		};
		EECE42F119A4835000E1BCBA /* Build configuration list for PBXNativeTarget "iosTestOcTests" */ = {
			isa = XCConfigurationList;
			buildConfigurations = (
				EECE42F219A4835000E1BCBA /* Debug */,
				EECE42F319A4835000E1BCBA /* Release */,
			);
			defaultConfigurationIsVisible = 0;
			defaultConfigurationName = Release;
		};
/* End XCConfigurationList section */
	};
	rootObject = EECE42B419A4835000E1BCBA /* Project object */;
}
